{
  "requires": true,
  "lockfileVersion": 1,
  "dependencies": {
    "@mdi/font": {
      "version": "4.7.95",
      "resolved": "https://registry.npmjs.org/@mdi/font/-/font-4.7.95.tgz",
      "integrity": "sha512-/SWooHIFz2dXkQJk3VhEXSbBplOU1lIkGSELAmw0peFEgR8KPqyM//M3vD8WDZETuEOSRVhVqLevP3okrsM5dw==",
      "dev": true
    }
  }
}
